
Microsoft Visual Studio Solution File, Format Version 12.00
# Visual Studio 14
VisualStudioVersion = 14.0.25420.1
MinimumVisualStudioVersion = 10.0.40219.1
Project("{FAE04EC0-301F-11D3-BF4B-00C04F79EFBC}") = "NJira.WebUI", "NJira.WebUI\NJira.WebUI.csproj", "{CFD9A85D-76AB-4CF1-B467-5C07C2AB06D9}"
	ProjectSection(ProjectDependencies) = postProject
		{9574ACC8-8EB3-4D67-9650-8C3DAE251054} = {9574ACC8-8EB3-4D67-9650-8C3DAE251054}
	EndProjectSection
EndProject
Project("{FAE04EC0-301F-11D3-BF4B-00C04F79EFBC}") = "NJira.Domain", "NJira.Domain\NJira.Domain.csproj", "{9574ACC8-8EB3-4D67-9650-8C3DAE251054}"
EndProject
Project("{FAE04EC0-301F-11D3-BF4B-00C04F79EFBC}") = "NJira.Tests", "NJira.Tests\NJira.Tests.csproj", "{3A430B8B-E876-4C9A-9CD9-003F37D71459}"
EndProject
Global
	GlobalSection(SolutionConfigurationPlatforms) = preSolution
		Debug|Any CPU = Debug|Any CPU
		Release|Any CPU = Release|Any CPU
	EndGlobalSection
	GlobalSection(ProjectConfigurationPlatforms) = postSolution
		{CFD9A85D-76AB-4CF1-B467-5C07C2AB06D9}.Debug|Any CPU.ActiveCfg = Debug|Any CPU
		{CFD9A85D-76AB-4CF1-B467-5C07C2AB06D9}.Debug|Any CPU.Build.0 = Debug|Any CPU
		{CFD9A85D-76AB-4CF1-B467-5C07C2AB06D9}.Release|Any CPU.ActiveCfg = Release|Any CPU
		{CFD9A85D-76AB-4CF1-B467-5C07C2AB06D9}.Release|Any CPU.Build.0 = Release|Any CPU
		{9574ACC8-8EB3-4D67-9650-8C3DAE251054}.Debug|Any CPU.ActiveCfg = Debug|Any CPU
		{9574ACC8-8EB3-4D67-9650-8C3DAE251054}.Debug|Any CPU.Build.0 = Debug|Any CPU
		{9574ACC8-8EB3-4D67-9650-8C3DAE251054}.Release|Any CPU.ActiveCfg = Release|Any CPU
		{9574ACC8-8EB3-4D67-9650-8C3DAE251054}.Release|Any CPU.Build.0 = Release|Any CPU
		{3A430B8B-E876-4C9A-9CD9-003F37D71459}.Debug|Any CPU.ActiveCfg = Debug|Any CPU
		{3A430B8B-E876-4C9A-9CD9-003F37D71459}.Debug|Any CPU.Build.0 = Debug|Any CPU
		{3A430B8B-E876-4C9A-9CD9-003F37D71459}.Release|Any CPU.ActiveCfg = Release|Any CPU
		{3A430B8B-E876-4C9A-9CD9-003F37D71459}.Release|Any CPU.Build.0 = Release|Any CPU
	EndGlobalSection
	GlobalSection(SolutionProperties) = preSolution
		HideSolutionNode = FALSE
	EndGlobalSection
EndGlobal
